
Microsoft Visual Studio Solution File, Format Version 12.00
# Visual Studio Version 17
VisualStudioVersion = 17.9.34728.123
MinimumVisualStudioVersion = 10.0.40219.1
Project("{FAE04EC0-301F-11D3-BF4B-00C04F79EFBC}") = "QuizWizAPI", "QuizWizAPI\QuizWizAPI.csproj", "{9B87E640-2813-405E-A5EE-62C8FA5C9487}"
EndProject
Global
	GlobalSection(SolutionConfigurationPlatforms) = preSolution
		Debug|Any CPU = Debug|Any CPU
		Release|Any CPU = Release|Any CPU
	EndGlobalSection
	GlobalSection(ProjectConfigurationPlatforms) = postSolution
		{9B87E640-2813-405E-A5EE-62C8FA5C9487}.Debug|Any CPU.ActiveCfg = Debug|Any CPU
		{9B87E640-2813-405E-A5EE-62C8FA5C9487}.Debug|Any CPU.Build.0 = Debug|Any CPU
		{9B87E640-2813-405E-A5EE-62C8FA5C9487}.Release|Any CPU.ActiveCfg = Release|Any CPU
		{9B87E640-2813-405E-A5EE-62C8FA5C9487}.Release|Any CPU.Build.0 = Release|Any CPU
	EndGlobalSection
	GlobalSection(SolutionProperties) = preSolution
		HideSolutionNode = FALSE
	EndGlobalSection
	GlobalSection(ExtensibilityGlobals) = postSolution
		SolutionGuid = {ED9F4858-E3D6-4A0C-AB72-5CCB096D2EC9}
	EndGlobalSection
EndGlobal
